
Microsoft Visual Studio Solution File, Format Version 12.00
# Visual Studio 15
VisualStudioVersion = 15.0.28307.572
MinimumVisualStudioVersion = 10.0.40219.1
Project("{FAE04EC0-301F-11D3-BF4B-00C04F79EFBC}") = "De lijst‐verwerker", "De lijst‐verwerker\De lijst‐verwerker.csproj", "{0175642D-89FB-4C16-A286-8FF814E09DE9}"
EndProject
Global
	GlobalSection(SolutionConfigurationPlatforms) = preSolution
		Debug|Any CPU = Debug|Any CPU
		Release|Any CPU = Release|Any CPU
	EndGlobalSection
	GlobalSection(ProjectConfigurationPlatforms) = postSolution
		{0175642D-89FB-4C16-A286-8FF814E09DE9}.Debug|Any CPU.ActiveCfg = Debug|Any CPU
		{0175642D-89FB-4C16-A286-8FF814E09DE9}.Debug|Any CPU.Build.0 = Debug|Any CPU
		{0175642D-89FB-4C16-A286-8FF814E09DE9}.Release|Any CPU.ActiveCfg = Release|Any CPU
		{0175642D-89FB-4C16-A286-8FF814E09DE9}.Release|Any CPU.Build.0 = Release|Any CPU
	EndGlobalSection
	GlobalSection(SolutionProperties) = preSolution
		HideSolutionNode = FALSE
	EndGlobalSection
	GlobalSection(ExtensibilityGlobals) = postSolution
		SolutionGuid = {62DF6C0A-6B0F-406C-A4A4-DDA1D7BA4E68}
	EndGlobalSection
EndGlobal
